
Microsoft Visual Studio Solution File, Format Version 12.00
Project("{FAE04EC0-301F-11D3-BF4B-00C04F79EFBC}") = "TechnicalTest.API", "TechnicalTest.API\TechnicalTest.API.csproj", "{4B52FC37-BE26-4880-A7D8-D8A162FE5632}"
EndProject
Project("{FAE04EC0-301F-11D3-BF4B-00C04F79EFBC}") = "TechnicalTest.Data", "TechnicalTest.Data\TechnicalTest.Data.csproj", "{C90A0184-01ED-4C34-AD39-A484021D2B29}"
EndProject
Global
	GlobalSection(SolutionConfigurationPlatforms) = preSolution
		Debug|Any CPU = Debug|Any CPU
		Release|Any CPU = Release|Any CPU
	EndGlobalSection
	GlobalSection(ProjectConfigurationPlatforms) = postSolution
		{4B52FC37-BE26-4880-A7D8-D8A162FE5632}.Debug|Any CPU.ActiveCfg = Debug|Any CPU
		{4B52FC37-BE26-4880-A7D8-D8A162FE5632}.Debug|Any CPU.Build.0 = Debug|Any CPU
		{4B52FC37-BE26-4880-A7D8-D8A162FE5632}.Release|Any CPU.ActiveCfg = Release|Any CPU
		{4B52FC37-BE26-4880-A7D8-D8A162FE5632}.Release|Any CPU.Build.0 = Release|Any CPU
		{C90A0184-01ED-4C34-AD39-A484021D2B29}.Debug|Any CPU.ActiveCfg = Debug|Any CPU
		{C90A0184-01ED-4C34-AD39-A484021D2B29}.Debug|Any CPU.Build.0 = Debug|Any CPU
		{C90A0184-01ED-4C34-AD39-A484021D2B29}.Release|Any CPU.ActiveCfg = Release|Any CPU
		{C90A0184-01ED-4C34-AD39-A484021D2B29}.Release|Any CPU.Build.0 = Release|Any CPU
	EndGlobalSection
EndGlobal
