
Microsoft Visual Studio Solution File, Format Version 12.00
# Visual Studio Version 17
VisualStudioVersion = 17.4.33213.308
MinimumVisualStudioVersion = 10.0.40219.1
Project("{9A19103F-16F7-4668-BE54-9A1E7A4F7556}") = "TechnicalTest.API", "TechnicalTest.API\TechnicalTest.API.csproj", "{4B52FC37-BE26-4880-A7D8-D8A162FE5632}"
EndProject
Project("{9A19103F-16F7-4668-BE54-9A1E7A4F7556}") = "TechnicalTest.Data", "TechnicalTest.Data\TechnicalTest.Data.csproj", "{C90A0184-01ED-4C34-AD39-A484021D2B29}"
EndProject
Project("{9A19103F-16F7-4668-BE54-9A1E7A4F7556}") = "ServiceTests", "ServiceTests\ServiceTests.csproj", "{25A82344-0507-47A5-89F7-D238784B589B}"
EndProject
Project("{2150E333-8FDC-42A3-9474-1A3956D46DE8}") = "Solution Items", "Solution Items", "{5D0CB376-B00F-4EC0-9ED7-F7FF74DC5EE0}"
	ProjectSection(SolutionItems) = preProject
		Postman\Test sequence - happy path.postman_collection.json = Postman\Test sequence - happy path.postman_collection.json
		Postman\Test sequence - happy path.postman_test_run.json = Postman\Test sequence - happy path.postman_test_run.json
		Postman\Test sequence - with errors.postman_collection.json = Postman\Test sequence - with errors.postman_collection.json
		Postman\Test sequence - with errors.postman_test_run.json = Postman\Test sequence - with errors.postman_test_run.json
	EndProjectSection
EndProject
Global
	GlobalSection(SolutionConfigurationPlatforms) = preSolution
		Debug|Any CPU = Debug|Any CPU
		Release|Any CPU = Release|Any CPU
	EndGlobalSection
	GlobalSection(ProjectConfigurationPlatforms) = postSolution
		{4B52FC37-BE26-4880-A7D8-D8A162FE5632}.Debug|Any CPU.ActiveCfg = Debug|Any CPU
		{4B52FC37-BE26-4880-A7D8-D8A162FE5632}.Debug|Any CPU.Build.0 = Debug|Any CPU
		{4B52FC37-BE26-4880-A7D8-D8A162FE5632}.Release|Any CPU.ActiveCfg = Release|Any CPU
		{4B52FC37-BE26-4880-A7D8-D8A162FE5632}.Release|Any CPU.Build.0 = Release|Any CPU
		{C90A0184-01ED-4C34-AD39-A484021D2B29}.Debug|Any CPU.ActiveCfg = Debug|Any CPU
		{C90A0184-01ED-4C34-AD39-A484021D2B29}.Debug|Any CPU.Build.0 = Debug|Any CPU
		{C90A0184-01ED-4C34-AD39-A484021D2B29}.Release|Any CPU.ActiveCfg = Release|Any CPU
		{C90A0184-01ED-4C34-AD39-A484021D2B29}.Release|Any CPU.Build.0 = Release|Any CPU
		{25A82344-0507-47A5-89F7-D238784B589B}.Debug|Any CPU.ActiveCfg = Debug|Any CPU
		{25A82344-0507-47A5-89F7-D238784B589B}.Debug|Any CPU.Build.0 = Debug|Any CPU
		{25A82344-0507-47A5-89F7-D238784B589B}.Release|Any CPU.ActiveCfg = Release|Any CPU
		{25A82344-0507-47A5-89F7-D238784B589B}.Release|Any CPU.Build.0 = Release|Any CPU
	EndGlobalSection
	GlobalSection(SolutionProperties) = preSolution
		HideSolutionNode = FALSE
	EndGlobalSection
	GlobalSection(ExtensibilityGlobals) = postSolution
		SolutionGuid = {F3398F3E-102C-4596-9411-E55B95851701}
	EndGlobalSection
EndGlobal
